
Microsoft Visual Studio Solution File, Format Version 12.00
# Visual Studio Version 16
VisualStudioVersion = 25.0.1704.0
MinimumVisualStudioVersion = 10.0.40219.1
Project("{FAE04EC0-301F-11D3-BF4B-00C04F79EFBC}") = "BlobStorageAPI", "BlobStorageAPI.csproj", "{B32ADA62-96EA-4089-BB8F-AF2F55983576}"
EndProject
Global
	GlobalSection(SolutionConfigurationPlatforms) = preSolution
		Debug|Any CPU = Debug|Any CPU
		Release|Any CPU = Release|Any CPU
	EndGlobalSection
	GlobalSection(ProjectConfigurationPlatforms) = postSolution
		{B32ADA62-96EA-4089-BB8F-AF2F55983576}.Debug|Any CPU.ActiveCfg = Debug|Any CPU
		{B32ADA62-96EA-4089-BB8F-AF2F55983576}.Debug|Any CPU.Build.0 = Debug|Any CPU
		{B32ADA62-96EA-4089-BB8F-AF2F55983576}.Release|Any CPU.ActiveCfg = Release|Any CPU
		{B32ADA62-96EA-4089-BB8F-AF2F55983576}.Release|Any CPU.Build.0 = Release|Any CPU
	EndGlobalSection
	GlobalSection(SolutionProperties) = preSolution
		HideSolutionNode = FALSE
	EndGlobalSection
	GlobalSection(ExtensibilityGlobals) = postSolution
		SolutionGuid = {AA1159E4-CF2A-4D99-A278-2D418F56A778}
	EndGlobalSection
EndGlobal
